
Microsoft Visual Studio Solution File, Format Version 12.00
# Visual Studio Version 17
VisualStudioVersion = 17.4.33103.184
MinimumVisualStudioVersion = 10.0.40219.1
Project("{FAE04EC0-301F-11D3-BF4B-00C04F79EFBC}") = "1_Elementare_Syntax", "1_Elementare_Syntax\1_Elementare_Syntax.csproj", "{FF0DF19F-C4DF-4CEF-A66E-1ED3EA48B197}"
EndProject
Project("{FAE04EC0-301F-11D3-BF4B-00C04F79EFBC}") = "2_Konsolenausgabe", "2_Konsolenausgabe\2_Konsolenausgabe.csproj", "{A80271FE-8577-4579-8999-4B9A22B0CC93}"
EndProject
Global
	GlobalSection(SolutionConfigurationPlatforms) = preSolution
		Debug|Any CPU = Debug|Any CPU
		Release|Any CPU = Release|Any CPU
	EndGlobalSection
	GlobalSection(ProjectConfigurationPlatforms) = postSolution
		{FF0DF19F-C4DF-4CEF-A66E-1ED3EA48B197}.Debug|Any CPU.ActiveCfg = Debug|Any CPU
		{FF0DF19F-C4DF-4CEF-A66E-1ED3EA48B197}.Debug|Any CPU.Build.0 = Debug|Any CPU
		{FF0DF19F-C4DF-4CEF-A66E-1ED3EA48B197}.Release|Any CPU.ActiveCfg = Release|Any CPU
		{FF0DF19F-C4DF-4CEF-A66E-1ED3EA48B197}.Release|Any CPU.Build.0 = Release|Any CPU
		{A80271FE-8577-4579-8999-4B9A22B0CC93}.Debug|Any CPU.ActiveCfg = Debug|Any CPU
		{A80271FE-8577-4579-8999-4B9A22B0CC93}.Debug|Any CPU.Build.0 = Debug|Any CPU
		{A80271FE-8577-4579-8999-4B9A22B0CC93}.Release|Any CPU.ActiveCfg = Release|Any CPU
		{A80271FE-8577-4579-8999-4B9A22B0CC93}.Release|Any CPU.Build.0 = Release|Any CPU
	EndGlobalSection
	GlobalSection(SolutionProperties) = preSolution
		HideSolutionNode = FALSE
	EndGlobalSection
	GlobalSection(ExtensibilityGlobals) = postSolution
		SolutionGuid = {C3D6A1E9-EDC5-4B1D-B2B4-4DDDB09C81A0}
	EndGlobalSection
EndGlobal
